{
  "nodes": {
    "cargo2nix": {
      "inputs": {
        "flake-utils": "flake-utils",
        "nixpkgs": "nixpkgs",
        "rust-overlay": "rust-overlay"
      },
      "locked": {
        "lastModified": 1638423893,
        "narHash": "sha256-+NTV613zwK1G4UIKrj0gh1fYDvi85qO0wxy6h11azuY=",
        "owner": "cargo2nix",
        "repo": "cargo2nix",
        "rev": "ae8a5e699f57b446f9507b97a3c97a4e9fe06aa3",
        "type": "github"
      },
      "original": {
        "owner": "cargo2nix",
        "repo": "cargo2nix",
        "type": "github"
      }
    },
    "flake-utils": {
      "locked": {
        "lastModified": 1638122382,
        "narHash": "sha256-sQzZzAbvKEqN9s0bzWuYmRaA03v40gaJ4+iL1LXjaeI=",
        "owner": "numtide",
        "repo": "flake-utils",
        "rev": "74f7e4319258e287b0f9cb95426c9853b282730b",
        "type": "github"
      },
      "original": {
        "owner": "numtide",
        "repo": "flake-utils",
        "type": "github"
      }
    },
    "flake-utils_2": {
      "locked": {
        "lastModified": 1638122382,
        "narHash": "sha256-sQzZzAbvKEqN9s0bzWuYmRaA03v40gaJ4+iL1LXjaeI=",
        "owner": "numtide",
        "repo": "flake-utils",
        "rev": "74f7e4319258e287b0f9cb95426c9853b282730b",
        "type": "github"
      },
      "original": {
        "owner": "numtide",
        "repo": "flake-utils",
        "type": "github"
      }
    },
    "nixpkgs": {
      "locked": {
        "lastModified": 1638109994,
        "narHash": "sha256-OpA37PTiPMIqoRJbufbl5rOLII7HeeGcA0yl7FoyCIE=",
        "owner": "nixos",
        "repo": "nixpkgs",
        "rev": "a284564b7f75ac4db73607db02076e8da9d42c9d",
        "type": "github"
      },
      "original": {
        "owner": "nixos",
        "ref": "release-21.05",
        "repo": "nixpkgs",
        "type": "github"
      }
    },
    "nixpkgs_2": {
      "locked": {
        "lastModified": 1639996107,
        "narHash": "sha256-qEnXR2HwECUbV9UiOus1HN6FKhj3fEpxefKbZVRk9w0=",
        "owner": "nixos",
        "repo": "nixpkgs",
        "rev": "a0899f066572bb498ea3b4939d27743fd3e78364",
        "type": "github"
      },
      "original": {
        "owner": "nixos",
        "ref": "release-21.05",
        "repo": "nixpkgs",
        "type": "github"
      }
    },
    "root": {
      "inputs": {
        "cargo2nix": "cargo2nix",
        "flake-utils": "flake-utils_2",
        "nixpkgs": "nixpkgs_2",
        "rust-overlay": "rust-overlay_2"
      }
    },
    "rust-overlay": {
      "inputs": {
        "flake-utils": [
          "cargo2nix",
          "flake-utils"
        ],
        "nixpkgs": [
          "cargo2nix",
          "nixpkgs"
        ]
      },
      "locked": {
        "lastModified": 1638152159,
        "narHash": "sha256-Q0UHsm36cCxk16I/bF1rHJHxjIflESKk2ej76P39j90=",
        "owner": "oxalica",
        "repo": "rust-overlay",
        "rev": "d9a664513558376595e838b21348cdac0ba3115e",
        "type": "github"
      },
      "original": {
        "owner": "oxalica",
        "repo": "rust-overlay",
        "type": "github"
      }
    },
    "rust-overlay_2": {
      "inputs": {
        "flake-utils": [
          "flake-utils"
        ],
        "nixpkgs": [
          "nixpkgs"
        ]
      },
      "locked": {
        "lastModified": 1639967969,
        "narHash": "sha256-GdfgMyAgMY196E5PkDRSdC/RLih+b2DDkXXexAjOvmE=",
        "owner": "oxalica",
        "repo": "rust-overlay",
        "rev": "c609f104cbc2755b7cb4c0f63e0e86230d360cb5",
        "type": "github"
      },
      "original": {
        "owner": "oxalica",
        "repo": "rust-overlay",
        "type": "github"
      }
    }
  },
  "root": "root",
  "version": 7
}
