# This file is automatically @generated by Cargo.
# It is not intended for manual editing.
[[package]]
name = "aho-corasick"
version = "0.7.4"
source = "registry+https://github.com/rust-lang/crates.io-index"
dependencies = [
 "memchr 2.2.1 (registry+https://github.com/rust-lang/crates.io-index)",
]

[[package]]
name = "ansi_term"
version = "0.11.0"
source = "registry+https://github.com/rust-lang/crates.io-index"
dependencies = [
 "winapi 0.3.7 (registry+https://github.com/rust-lang/crates.io-index)",
]

[[package]]
name = "argon2rs"
version = "0.2.5"
source = "registry+https://github.com/rust-lang/crates.io-index"
dependencies = [
 "blake2-rfc 0.2.18 (registry+https://github.com/rust-lang/crates.io-index)",
 "scoped_threadpool 0.1.9 (registry+https://github.com/rust-lang/crates.io-index)",
]

[[package]]
name = "arrayvec"
version = "0.4.11"
source = "registry+https://github.com/rust-lang/crates.io-index"
dependencies = [
 "nodrop 0.1.13 (registry+https://github.com/rust-lang/crates.io-index)",
]

[[package]]
name = "ascii-canvas"
version = "2.0.0"
source = "registry+https://github.com/rust-lang/crates.io-index"
dependencies = [
 "term 0.5.2 (registry+https://github.com/rust-lang/crates.io-index)",
]

[[package]]
name = "atty"
version = "0.2.13"
source = "registry+https://github.com/rust-lang/crates.io-index"
dependencies = [
 "libc 0.2.60 (registry+https://github.com/rust-lang/crates.io-index)",
 "winapi 0.3.7 (registry+https://github.com/rust-lang/crates.io-index)",
]

[[package]]
name = "autocfg"
version = "0.1.5"
source = "registry+https://github.com/rust-lang/crates.io-index"

[[package]]
name = "backtrace"
version = "0.3.32"
source = "registry+https://github.com/rust-lang/crates.io-index"
dependencies = [
 "backtrace-sys 0.1.30 (registry+https://github.com/rust-lang/crates.io-index)",
 "cfg-if 0.1.9 (registry+https://github.com/rust-lang/crates.io-index)",
 "libc 0.2.60 (registry+https://github.com/rust-lang/crates.io-index)",
 "rustc-demangle 0.1.15 (registry+https://github.com/rust-lang/crates.io-index)",
]

[[package]]
name = "backtrace-sys"
version = "0.1.30"
source = "registry+https://github.com/rust-lang/crates.io-index"
dependencies = [
 "cc 1.0.37 (registry+https://github.com/rust-lang/crates.io-index)",
 "libc 0.2.60 (registry+https://github.com/rust-lang/crates.io-index)",
]

[[package]]
name = "bit-set"
version = "0.5.1"
source = "registry+https://github.com/rust-lang/crates.io-index"
dependencies = [
 "bit-vec 0.5.1 (registry+https://github.com/rust-lang/crates.io-index)",
]

[[package]]
name = "bit-vec"
version = "0.5.1"
source = "registry+https://github.com/rust-lang/crates.io-index"

[[package]]
name = "bitflags"
version = "1.1.0"
source = "registry+https://github.com/rust-lang/crates.io-index"

[[package]]
name = "blake2-rfc"
version = "0.2.18"
source = "registry+https://github.com/rust-lang/crates.io-index"
dependencies = [
 "arrayvec 0.4.11 (registry+https://github.com/rust-lang/crates.io-index)",
 "constant_time_eq 0.1.3 (registry+https://github.com/rust-lang/crates.io-index)",
]

[[package]]
name = "block-buffer"
version = "0.7.3"
source = "registry+https://github.com/rust-lang/crates.io-index"
dependencies = [
 "block-padding 0.1.4 (registry+https://github.com/rust-lang/crates.io-index)",
 "byte-tools 0.3.1 (registry+https://github.com/rust-lang/crates.io-index)",
 "byteorder 1.3.2 (registry+https://github.com/rust-lang/crates.io-index)",
 "generic-array 0.12.3 (registry+https://github.com/rust-lang/crates.io-index)",
]

[[package]]
name = "block-padding"
version = "0.1.4"
source = "registry+https://github.com/rust-lang/crates.io-index"
dependencies = [
 "byte-tools 0.3.1 (registry+https://github.com/rust-lang/crates.io-index)",
]

[[package]]
name = "byte-tools"
version = "0.3.1"
source = "registry+https://github.com/rust-lang/crates.io-index"

[[package]]
name = "byteorder"
version = "1.3.2"
source = "registry+https://github.com/rust-lang/crates.io-index"

[[package]]
name = "cc"
version = "1.0.37"
source = "registry+https://github.com/rust-lang/crates.io-index"

[[package]]
name = "cfg-if"
version = "0.1.9"
source = "registry+https://github.com/rust-lang/crates.io-index"

[[package]]
name = "clap"
version = "2.33.0"
source = "registry+https://github.com/rust-lang/crates.io-index"
dependencies = [
 "ansi_term 0.11.0 (registry+https://github.com/rust-lang/crates.io-index)",
 "atty 0.2.13 (registry+https://github.com/rust-lang/crates.io-index)",
 "bitflags 1.1.0 (registry+https://github.com/rust-lang/crates.io-index)",
 "strsim 0.8.0 (registry+https://github.com/rust-lang/crates.io-index)",
 "textwrap 0.11.0 (registry+https://github.com/rust-lang/crates.io-index)",
 "unicode-width 0.1.5 (registry+https://github.com/rust-lang/crates.io-index)",
 "vec_map 0.8.1 (registry+https://github.com/rust-lang/crates.io-index)",
]

[[package]]
name = "cloudabi"
version = "0.0.3"
source = "registry+https://github.com/rust-lang/crates.io-index"
dependencies = [
 "bitflags 1.1.0 (registry+https://github.com/rust-lang/crates.io-index)",
]

[[package]]
name = "codespan"
version = "0.3.0"
source = "registry+https://github.com/rust-lang/crates.io-index"
dependencies = [
 "failure 0.1.5 (registry+https://github.com/rust-lang/crates.io-index)",
 "itertools 0.8.0 (registry+https://github.com/rust-lang/crates.io-index)",
]

[[package]]
name = "codespan-reporting"
version = "0.3.0"
source = "registry+https://github.com/rust-lang/crates.io-index"
dependencies = [
 "codespan 0.3.0 (registry+https://github.com/rust-lang/crates.io-index)",
 "termcolor 1.0.5 (registry+https://github.com/rust-lang/crates.io-index)",
]

[[package]]
name = "constant_time_eq"
version = "0.1.3"
source = "registry+https://github.com/rust-lang/crates.io-index"

[[package]]
name = "ctor"
version = "0.1.9"
source = "registry+https://github.com/rust-lang/crates.io-index"
dependencies = [
 "quote 0.6.13 (registry+https://github.com/rust-lang/crates.io-index)",
 "syn 0.15.39 (registry+https://github.com/rust-lang/crates.io-index)",
]

[[package]]
name = "diff"
version = "0.1.11"
source = "registry+https://github.com/rust-lang/crates.io-index"

[[package]]
name = "difference"
version = "2.0.0"
source = "registry+https://github.com/rust-lang/crates.io-index"

[[package]]
name = "digest"
version = "0.8.1"
source = "registry+https://github.com/rust-lang/crates.io-index"
dependencies = [
 "generic-array 0.12.3 (registry+https://github.com/rust-lang/crates.io-index)",
]

[[package]]
name = "dirs"
version = "1.0.5"
source = "registry+https://github.com/rust-lang/crates.io-index"
dependencies = [
 "libc 0.2.60 (registry+https://github.com/rust-lang/crates.io-index)",
 "redox_users 0.3.0 (registry+https://github.com/rust-lang/crates.io-index)",
 "winapi 0.3.7 (registry+https://github.com/rust-lang/crates.io-index)",
]

[[package]]
name = "docopt"
version = "1.1.0"
source = "registry+https://github.com/rust-lang/crates.io-index"
dependencies = [
 "lazy_static 1.3.0 (registry+https://github.com/rust-lang/crates.io-index)",
 "regex 1.1.9 (registry+https://github.com/rust-lang/crates.io-index)",
 "serde 1.0.95 (registry+https://github.com/rust-lang/crates.io-index)",
 "strsim 0.9.2 (registry+https://github.com/rust-lang/crates.io-index)",
]

[[package]]
name = "either"
version = "1.5.2"
source = "registry+https://github.com/rust-lang/crates.io-index"

[[package]]
name = "ena"
version = "0.13.0"
source = "registry+https://github.com/rust-lang/crates.io-index"
dependencies = [
 "log 0.4.7 (registry+https://github.com/rust-lang/crates.io-index)",
]

[[package]]
name = "failure"
version = "0.1.5"
source = "registry+https://github.com/rust-lang/crates.io-index"
dependencies = [
 "backtrace 0.3.32 (registry+https://github.com/rust-lang/crates.io-index)",
 "failure_derive 0.1.5 (registry+https://github.com/rust-lang/crates.io-index)",
]

[[package]]
name = "failure_derive"
version = "0.1.5"
source = "registry+https://github.com/rust-lang/crates.io-index"
dependencies = [
 "proc-macro2 0.4.30 (registry+https://github.com/rust-lang/crates.io-index)",
 "quote 0.6.13 (registry+https://github.com/rust-lang/crates.io-index)",
 "syn 0.15.39 (registry+https://github.com/rust-lang/crates.io-index)",
 "synstructure 0.10.2 (registry+https://github.com/rust-lang/crates.io-index)",
]

[[package]]
name = "fake-simd"
version = "0.1.2"
source = "registry+https://github.com/rust-lang/crates.io-index"

[[package]]
name = "fixedbitset"
version = "0.1.9"
source = "registry+https://github.com/rust-lang/crates.io-index"

[[package]]
name = "fuchsia-cprng"
version = "0.1.1"
source = "registry+https://github.com/rust-lang/crates.io-index"

[[package]]
name = "generic-array"
version = "0.12.3"
source = "registry+https://github.com/rust-lang/crates.io-index"
dependencies = [
 "typenum 1.10.0 (registry+https://github.com/rust-lang/crates.io-index)",
]

[[package]]
name = "gleam"
version = "0.4.2"
dependencies = [
 "clap 2.33.0 (registry+https://github.com/rust-lang/crates.io-index)",
 "codespan 0.3.0 (registry+https://github.com/rust-lang/crates.io-index)",
 "codespan-reporting 0.3.0 (registry+https://github.com/rust-lang/crates.io-index)",
 "heck 0.3.1 (registry+https://github.com/rust-lang/crates.io-index)",
 "im 12.3.4 (registry+https://github.com/rust-lang/crates.io-index)",
 "itertools 0.7.11 (registry+https://github.com/rust-lang/crates.io-index)",
 "lalrpop 0.17.1 (registry+https://github.com/rust-lang/crates.io-index)",
 "lalrpop-util 0.16.3 (registry+https://github.com/rust-lang/crates.io-index)",
 "lazy_static 1.3.0 (registry+https://github.com/rust-lang/crates.io-index)",
 "petgraph 0.4.13 (registry+https://github.com/rust-lang/crates.io-index)",
 "pretty_assertions 0.6.1 (registry+https://github.com/rust-lang/crates.io-index)",
 "regex 1.1.9 (registry+https://github.com/rust-lang/crates.io-index)",
 "serde 1.0.95 (registry+https://github.com/rust-lang/crates.io-index)",
 "serde_derive 1.0.95 (registry+https://github.com/rust-lang/crates.io-index)",
 "strsim 0.9.2 (registry+https://github.com/rust-lang/crates.io-index)",
 "structopt 0.2.18 (registry+https://github.com/rust-lang/crates.io-index)",
 "termcolor 1.0.5 (registry+https://github.com/rust-lang/crates.io-index)",
 "toml 0.5.1 (registry+https://github.com/rust-lang/crates.io-index)",
 "walkdir 2.2.8 (registry+https://github.com/rust-lang/crates.io-index)",
]

[[package]]
name = "heck"
version = "0.3.1"
source = "registry+https://github.com/rust-lang/crates.io-index"
dependencies = [
 "unicode-segmentation 1.3.0 (registry+https://github.com/rust-lang/crates.io-index)",
]

[[package]]
name = "im"
version = "12.3.4"
source = "registry+https://github.com/rust-lang/crates.io-index"
dependencies = [
 "rustc_version 0.2.3 (registry+https://github.com/rust-lang/crates.io-index)",
 "sized-chunks 0.1.3 (registry+https://github.com/rust-lang/crates.io-index)",
 "typenum 1.10.0 (registry+https://github.com/rust-lang/crates.io-index)",
]

[[package]]
name = "itertools"
version = "0.7.11"
source = "registry+https://github.com/rust-lang/crates.io-index"
dependencies = [
 "either 1.5.2 (registry+https://github.com/rust-lang/crates.io-index)",
]

[[package]]
name = "itertools"
version = "0.8.0"
source = "registry+https://github.com/rust-lang/crates.io-index"
dependencies = [
 "either 1.5.2 (registry+https://github.com/rust-lang/crates.io-index)",
]

[[package]]
name = "lalrpop"
version = "0.17.1"
source = "registry+https://github.com/rust-lang/crates.io-index"
dependencies = [
 "ascii-canvas 2.0.0 (registry+https://github.com/rust-lang/crates.io-index)",
 "atty 0.2.13 (registry+https://github.com/rust-lang/crates.io-index)",
 "bit-set 0.5.1 (registry+https://github.com/rust-lang/crates.io-index)",
 "diff 0.1.11 (registry+https://github.com/rust-lang/crates.io-index)",
 "docopt 1.1.0 (registry+https://github.com/rust-lang/crates.io-index)",
 "ena 0.13.0 (registry+https://github.com/rust-lang/crates.io-index)",
 "itertools 0.8.0 (registry+https://github.com/rust-lang/crates.io-index)",
 "lalrpop-util 0.17.1 (registry+https://github.com/rust-lang/crates.io-index)",
 "petgraph 0.4.13 (registry+https://github.com/rust-lang/crates.io-index)",
 "regex 1.1.9 (registry+https://github.com/rust-lang/crates.io-index)",
 "regex-syntax 0.6.8 (registry+https://github.com/rust-lang/crates.io-index)",
 "serde 1.0.95 (registry+https://github.com/rust-lang/crates.io-index)",
 "serde_derive 1.0.95 (registry+https://github.com/rust-lang/crates.io-index)",
 "sha2 0.8.0 (registry+https://github.com/rust-lang/crates.io-index)",
 "string_cache 0.7.3 (registry+https://github.com/rust-lang/crates.io-index)",
 "term 0.5.2 (registry+https://github.com/rust-lang/crates.io-index)",
 "unicode-xid 0.1.0 (registry+https://github.com/rust-lang/crates.io-index)",
]

[[package]]
name = "lalrpop-util"
version = "0.16.3"
source = "registry+https://github.com/rust-lang/crates.io-index"

[[package]]
name = "lalrpop-util"
version = "0.17.1"
source = "registry+https://github.com/rust-lang/crates.io-index"

[[package]]
name = "lazy_static"
version = "1.3.0"
source = "registry+https://github.com/rust-lang/crates.io-index"

[[package]]
name = "libc"
version = "0.2.60"
source = "registry+https://github.com/rust-lang/crates.io-index"

[[package]]
name = "log"
version = "0.4.7"
source = "registry+https://github.com/rust-lang/crates.io-index"
dependencies = [
 "cfg-if 0.1.9 (registry+https://github.com/rust-lang/crates.io-index)",
]

[[package]]
name = "memchr"
version = "2.2.1"
source = "registry+https://github.com/rust-lang/crates.io-index"

[[package]]
name = "new_debug_unreachable"
version = "1.0.3"
source = "registry+https://github.com/rust-lang/crates.io-index"

[[package]]
name = "nodrop"
version = "0.1.13"
source = "registry+https://github.com/rust-lang/crates.io-index"

[[package]]
name = "opaque-debug"
version = "0.2.2"
source = "registry+https://github.com/rust-lang/crates.io-index"

[[package]]
name = "ordermap"
version = "0.3.5"
source = "registry+https://github.com/rust-lang/crates.io-index"

[[package]]
name = "output_vt100"
version = "0.1.2"
source = "registry+https://github.com/rust-lang/crates.io-index"
dependencies = [
 "winapi 0.3.7 (registry+https://github.com/rust-lang/crates.io-index)",
]

[[package]]
name = "petgraph"
version = "0.4.13"
source = "registry+https://github.com/rust-lang/crates.io-index"
dependencies = [
 "fixedbitset 0.1.9 (registry+https://github.com/rust-lang/crates.io-index)",
 "ordermap 0.3.5 (registry+https://github.com/rust-lang/crates.io-index)",
]

[[package]]
name = "phf_generator"
version = "0.7.24"
source = "registry+https://github.com/rust-lang/crates.io-index"
dependencies = [
 "phf_shared 0.7.24 (registry+https://github.com/rust-lang/crates.io-index)",
 "rand 0.6.5 (registry+https://github.com/rust-lang/crates.io-index)",
]

[[package]]
name = "phf_shared"
version = "0.7.24"
source = "registry+https://github.com/rust-lang/crates.io-index"
dependencies = [
 "siphasher 0.2.3 (registry+https://github.com/rust-lang/crates.io-index)",
]

[[package]]
name = "precomputed-hash"
version = "0.1.1"
source = "registry+https://github.com/rust-lang/crates.io-index"

[[package]]
name = "pretty_assertions"
version = "0.6.1"
source = "registry+https://github.com/rust-lang/crates.io-index"
dependencies = [
 "ansi_term 0.11.0 (registry+https://github.com/rust-lang/crates.io-index)",
 "ctor 0.1.9 (registry+https://github.com/rust-lang/crates.io-index)",
 "difference 2.0.0 (registry+https://github.com/rust-lang/crates.io-index)",
 "output_vt100 0.1.2 (registry+https://github.com/rust-lang/crates.io-index)",
]

[[package]]
name = "proc-macro2"
version = "0.4.30"
source = "registry+https://github.com/rust-lang/crates.io-index"
dependencies = [
 "unicode-xid 0.1.0 (registry+https://github.com/rust-lang/crates.io-index)",
]

[[package]]
name = "quote"
version = "0.6.13"
source = "registry+https://github.com/rust-lang/crates.io-index"
dependencies = [
 "proc-macro2 0.4.30 (registry+https://github.com/rust-lang/crates.io-index)",
]

[[package]]
name = "rand"
version = "0.6.5"
source = "registry+https://github.com/rust-lang/crates.io-index"
dependencies = [
 "autocfg 0.1.5 (registry+https://github.com/rust-lang/crates.io-index)",
 "libc 0.2.60 (registry+https://github.com/rust-lang/crates.io-index)",
 "rand_chacha 0.1.1 (registry+https://github.com/rust-lang/crates.io-index)",
 "rand_core 0.4.0 (registry+https://github.com/rust-lang/crates.io-index)",
 "rand_hc 0.1.0 (registry+https://github.com/rust-lang/crates.io-index)",
 "rand_isaac 0.1.1 (registry+https://github.com/rust-lang/crates.io-index)",
 "rand_jitter 0.1.4 (registry+https://github.com/rust-lang/crates.io-index)",
 "rand_os 0.1.3 (registry+https://github.com/rust-lang/crates.io-index)",
 "rand_pcg 0.1.2 (registry+https://github.com/rust-lang/crates.io-index)",
 "rand_xorshift 0.1.1 (registry+https://github.com/rust-lang/crates.io-index)",
 "winapi 0.3.7 (registry+https://github.com/rust-lang/crates.io-index)",
]

[[package]]
name = "rand_chacha"
version = "0.1.1"
source = "registry+https://github.com/rust-lang/crates.io-index"
dependencies = [
 "autocfg 0.1.5 (registry+https://github.com/rust-lang/crates.io-index)",
 "rand_core 0.3.1 (registry+https://github.com/rust-lang/crates.io-index)",
]

[[package]]
name = "rand_core"
version = "0.3.1"
source = "registry+https://github.com/rust-lang/crates.io-index"
dependencies = [
 "rand_core 0.4.0 (registry+https://github.com/rust-lang/crates.io-index)",
]

[[package]]
name = "rand_core"
version = "0.4.0"
source = "registry+https://github.com/rust-lang/crates.io-index"

[[package]]
name = "rand_hc"
version = "0.1.0"
source = "registry+https://github.com/rust-lang/crates.io-index"
dependencies = [
 "rand_core 0.3.1 (registry+https://github.com/rust-lang/crates.io-index)",
]

[[package]]
name = "rand_isaac"
version = "0.1.1"
source = "registry+https://github.com/rust-lang/crates.io-index"
dependencies = [
 "rand_core 0.3.1 (registry+https://github.com/rust-lang/crates.io-index)",
]

[[package]]
name = "rand_jitter"
version = "0.1.4"
source = "registry+https://github.com/rust-lang/crates.io-index"
dependencies = [
 "libc 0.2.60 (registry+https://github.com/rust-lang/crates.io-index)",
 "rand_core 0.4.0 (registry+https://github.com/rust-lang/crates.io-index)",
 "winapi 0.3.7 (registry+https://github.com/rust-lang/crates.io-index)",
]

[[package]]
name = "rand_os"
version = "0.1.3"
source = "registry+https://github.com/rust-lang/crates.io-index"
dependencies = [
 "cloudabi 0.0.3 (registry+https://github.com/rust-lang/crates.io-index)",
 "fuchsia-cprng 0.1.1 (registry+https://github.com/rust-lang/crates.io-index)",
 "libc 0.2.60 (registry+https://github.com/rust-lang/crates.io-index)",
 "rand_core 0.4.0 (registry+https://github.com/rust-lang/crates.io-index)",
 "rdrand 0.4.0 (registry+https://github.com/rust-lang/crates.io-index)",
 "winapi 0.3.7 (registry+https://github.com/rust-lang/crates.io-index)",
]

[[package]]
name = "rand_pcg"
version = "0.1.2"
source = "registry+https://github.com/rust-lang/crates.io-index"
dependencies = [
 "autocfg 0.1.5 (registry+https://github.com/rust-lang/crates.io-index)",
 "rand_core 0.4.0 (registry+https://github.com/rust-lang/crates.io-index)",
]

[[package]]
name = "rand_xorshift"
version = "0.1.1"
source = "registry+https://github.com/rust-lang/crates.io-index"
dependencies = [
 "rand_core 0.3.1 (registry+https://github.com/rust-lang/crates.io-index)",
]

[[package]]
name = "rdrand"
version = "0.4.0"
source = "registry+https://github.com/rust-lang/crates.io-index"
dependencies = [
 "rand_core 0.3.1 (registry+https://github.com/rust-lang/crates.io-index)",
]

[[package]]
name = "redox_syscall"
version = "0.1.56"
source = "registry+https://github.com/rust-lang/crates.io-index"

[[package]]
name = "redox_users"
version = "0.3.0"
source = "registry+https://github.com/rust-lang/crates.io-index"
dependencies = [
 "argon2rs 0.2.5 (registry+https://github.com/rust-lang/crates.io-index)",
 "failure 0.1.5 (registry+https://github.com/rust-lang/crates.io-index)",
 "rand_os 0.1.3 (registry+https://github.com/rust-lang/crates.io-index)",
 "redox_syscall 0.1.56 (registry+https://github.com/rust-lang/crates.io-index)",
]

[[package]]
name = "regex"
version = "1.1.9"
source = "registry+https://github.com/rust-lang/crates.io-index"
dependencies = [
 "aho-corasick 0.7.4 (registry+https://github.com/rust-lang/crates.io-index)",
 "memchr 2.2.1 (registry+https://github.com/rust-lang/crates.io-index)",
 "regex-syntax 0.6.8 (registry+https://github.com/rust-lang/crates.io-index)",
 "thread_local 0.3.6 (registry+https://github.com/rust-lang/crates.io-index)",
 "utf8-ranges 1.0.3 (registry+https://github.com/rust-lang/crates.io-index)",
]

[[package]]
name = "regex-syntax"
version = "0.6.8"
source = "registry+https://github.com/rust-lang/crates.io-index"
dependencies = [
 "ucd-util 0.1.3 (registry+https://github.com/rust-lang/crates.io-index)",
]

[[package]]
name = "rustc-demangle"
version = "0.1.15"
source = "registry+https://github.com/rust-lang/crates.io-index"

[[package]]
name = "rustc_version"
version = "0.2.3"
source = "registry+https://github.com/rust-lang/crates.io-index"
dependencies = [
 "semver 0.9.0 (registry+https://github.com/rust-lang/crates.io-index)",
]

[[package]]
name = "same-file"
version = "1.0.5"
source = "registry+https://github.com/rust-lang/crates.io-index"
dependencies = [
 "winapi-util 0.1.2 (registry+https://github.com/rust-lang/crates.io-index)",
]

[[package]]
name = "scoped_threadpool"
version = "0.1.9"
source = "registry+https://github.com/rust-lang/crates.io-index"

[[package]]
name = "semver"
version = "0.9.0"
source = "registry+https://github.com/rust-lang/crates.io-index"
dependencies = [
 "semver-parser 0.7.0 (registry+https://github.com/rust-lang/crates.io-index)",
]

[[package]]
name = "semver-parser"
version = "0.7.0"
source = "registry+https://github.com/rust-lang/crates.io-index"

[[package]]
name = "serde"
version = "1.0.95"
source = "registry+https://github.com/rust-lang/crates.io-index"
dependencies = [
 "serde_derive 1.0.95 (registry+https://github.com/rust-lang/crates.io-index)",
]

[[package]]
name = "serde_derive"
version = "1.0.95"
source = "registry+https://github.com/rust-lang/crates.io-index"
dependencies = [
 "proc-macro2 0.4.30 (registry+https://github.com/rust-lang/crates.io-index)",
 "quote 0.6.13 (registry+https://github.com/rust-lang/crates.io-index)",
 "syn 0.15.39 (registry+https://github.com/rust-lang/crates.io-index)",
]

[[package]]
name = "sha2"
version = "0.8.0"
source = "registry+https://github.com/rust-lang/crates.io-index"
dependencies = [
 "block-buffer 0.7.3 (registry+https://github.com/rust-lang/crates.io-index)",
 "digest 0.8.1 (registry+https://github.com/rust-lang/crates.io-index)",
 "fake-simd 0.1.2 (registry+https://github.com/rust-lang/crates.io-index)",
 "opaque-debug 0.2.2 (registry+https://github.com/rust-lang/crates.io-index)",
]

[[package]]
name = "siphasher"
version = "0.2.3"
source = "registry+https://github.com/rust-lang/crates.io-index"

[[package]]
name = "sized-chunks"
version = "0.1.3"
source = "registry+https://github.com/rust-lang/crates.io-index"
dependencies = [
 "typenum 1.10.0 (registry+https://github.com/rust-lang/crates.io-index)",
]

[[package]]
name = "string_cache"
version = "0.7.3"
source = "registry+https://github.com/rust-lang/crates.io-index"
dependencies = [
 "lazy_static 1.3.0 (registry+https://github.com/rust-lang/crates.io-index)",
 "new_debug_unreachable 1.0.3 (registry+https://github.com/rust-lang/crates.io-index)",
 "phf_shared 0.7.24 (registry+https://github.com/rust-lang/crates.io-index)",
 "precomputed-hash 0.1.1 (registry+https://github.com/rust-lang/crates.io-index)",
 "serde 1.0.95 (registry+https://github.com/rust-lang/crates.io-index)",
 "string_cache_codegen 0.4.2 (registry+https://github.com/rust-lang/crates.io-index)",
 "string_cache_shared 0.3.0 (registry+https://github.com/rust-lang/crates.io-index)",
]

[[package]]
name = "string_cache_codegen"
version = "0.4.2"
source = "registry+https://github.com/rust-lang/crates.io-index"
dependencies = [
 "phf_generator 0.7.24 (registry+https://github.com/rust-lang/crates.io-index)",
 "phf_shared 0.7.24 (registry+https://github.com/rust-lang/crates.io-index)",
 "proc-macro2 0.4.30 (registry+https://github.com/rust-lang/crates.io-index)",
 "quote 0.6.13 (registry+https://github.com/rust-lang/crates.io-index)",
 "string_cache_shared 0.3.0 (registry+https://github.com/rust-lang/crates.io-index)",
]

[[package]]
name = "string_cache_shared"
version = "0.3.0"
source = "registry+https://github.com/rust-lang/crates.io-index"

[[package]]
name = "strsim"
version = "0.8.0"
source = "registry+https://github.com/rust-lang/crates.io-index"

[[package]]
name = "strsim"
version = "0.9.2"
source = "registry+https://github.com/rust-lang/crates.io-index"

[[package]]
name = "structopt"
version = "0.2.18"
source = "registry+https://github.com/rust-lang/crates.io-index"
dependencies = [
 "clap 2.33.0 (registry+https://github.com/rust-lang/crates.io-index)",
 "structopt-derive 0.2.18 (registry+https://github.com/rust-lang/crates.io-index)",
]

[[package]]
name = "structopt-derive"
version = "0.2.18"
source = "registry+https://github.com/rust-lang/crates.io-index"
dependencies = [
 "heck 0.3.1 (registry+https://github.com/rust-lang/crates.io-index)",
 "proc-macro2 0.4.30 (registry+https://github.com/rust-lang/crates.io-index)",
 "quote 0.6.13 (registry+https://github.com/rust-lang/crates.io-index)",
 "syn 0.15.39 (registry+https://github.com/rust-lang/crates.io-index)",
]

[[package]]
name = "syn"
version = "0.15.39"
source = "registry+https://github.com/rust-lang/crates.io-index"
dependencies = [
 "proc-macro2 0.4.30 (registry+https://github.com/rust-lang/crates.io-index)",
 "quote 0.6.13 (registry+https://github.com/rust-lang/crates.io-index)",
 "unicode-xid 0.1.0 (registry+https://github.com/rust-lang/crates.io-index)",
]

[[package]]
name = "synstructure"
version = "0.10.2"
source = "registry+https://github.com/rust-lang/crates.io-index"
dependencies = [
 "proc-macro2 0.4.30 (registry+https://github.com/rust-lang/crates.io-index)",
 "quote 0.6.13 (registry+https://github.com/rust-lang/crates.io-index)",
 "syn 0.15.39 (registry+https://github.com/rust-lang/crates.io-index)",
 "unicode-xid 0.1.0 (registry+https://github.com/rust-lang/crates.io-index)",
]

[[package]]
name = "term"
version = "0.5.2"
source = "registry+https://github.com/rust-lang/crates.io-index"
dependencies = [
 "byteorder 1.3.2 (registry+https://github.com/rust-lang/crates.io-index)",
 "dirs 1.0.5 (registry+https://github.com/rust-lang/crates.io-index)",
 "winapi 0.3.7 (registry+https://github.com/rust-lang/crates.io-index)",
]

[[package]]
name = "termcolor"
version = "1.0.5"
source = "registry+https://github.com/rust-lang/crates.io-index"
dependencies = [
 "wincolor 1.0.1 (registry+https://github.com/rust-lang/crates.io-index)",
]

[[package]]
name = "textwrap"
version = "0.11.0"
source = "registry+https://github.com/rust-lang/crates.io-index"
dependencies = [
 "unicode-width 0.1.5 (registry+https://github.com/rust-lang/crates.io-index)",
]

[[package]]
name = "thread_local"
version = "0.3.6"
source = "registry+https://github.com/rust-lang/crates.io-index"
dependencies = [
 "lazy_static 1.3.0 (registry+https://github.com/rust-lang/crates.io-index)",
]

[[package]]
name = "toml"
version = "0.5.1"
source = "registry+https://github.com/rust-lang/crates.io-index"
dependencies = [
 "serde 1.0.95 (registry+https://github.com/rust-lang/crates.io-index)",
]

[[package]]
name = "typenum"
version = "1.10.0"
source = "registry+https://github.com/rust-lang/crates.io-index"

[[package]]
name = "ucd-util"
version = "0.1.3"
source = "registry+https://github.com/rust-lang/crates.io-index"

[[package]]
name = "unicode-segmentation"
version = "1.3.0"
source = "registry+https://github.com/rust-lang/crates.io-index"

[[package]]
name = "unicode-width"
version = "0.1.5"
source = "registry+https://github.com/rust-lang/crates.io-index"

[[package]]
name = "unicode-xid"
version = "0.1.0"
source = "registry+https://github.com/rust-lang/crates.io-index"

[[package]]
name = "utf8-ranges"
version = "1.0.3"
source = "registry+https://github.com/rust-lang/crates.io-index"

[[package]]
name = "vec_map"
version = "0.8.1"
source = "registry+https://github.com/rust-lang/crates.io-index"

[[package]]
name = "walkdir"
version = "2.2.8"
source = "registry+https://github.com/rust-lang/crates.io-index"
dependencies = [
 "same-file 1.0.5 (registry+https://github.com/rust-lang/crates.io-index)",
 "winapi 0.3.7 (registry+https://github.com/rust-lang/crates.io-index)",
 "winapi-util 0.1.2 (registry+https://github.com/rust-lang/crates.io-index)",
]

[[package]]
name = "winapi"
version = "0.3.7"
source = "registry+https://github.com/rust-lang/crates.io-index"
dependencies = [
 "winapi-i686-pc-windows-gnu 0.4.0 (registry+https://github.com/rust-lang/crates.io-index)",
 "winapi-x86_64-pc-windows-gnu 0.4.0 (registry+https://github.com/rust-lang/crates.io-index)",
]

[[package]]
name = "winapi-i686-pc-windows-gnu"
version = "0.4.0"
source = "registry+https://github.com/rust-lang/crates.io-index"

[[package]]
name = "winapi-util"
version = "0.1.2"
source = "registry+https://github.com/rust-lang/crates.io-index"
dependencies = [
 "winapi 0.3.7 (registry+https://github.com/rust-lang/crates.io-index)",
]

[[package]]
name = "winapi-x86_64-pc-windows-gnu"
version = "0.4.0"
source = "registry+https://github.com/rust-lang/crates.io-index"

[[package]]
name = "wincolor"
version = "1.0.1"
source = "registry+https://github.com/rust-lang/crates.io-index"
dependencies = [
 "winapi 0.3.7 (registry+https://github.com/rust-lang/crates.io-index)",
 "winapi-util 0.1.2 (registry+https://github.com/rust-lang/crates.io-index)",
]

[metadata]
"checksum aho-corasick 0.7.4 (registry+https://github.com/rust-lang/crates.io-index)" = "36b7aa1ccb7d7ea3f437cf025a2ab1c47cc6c1bc9fc84918ff449def12f5e282"
"checksum ansi_term 0.11.0 (registry+https://github.com/rust-lang/crates.io-index)" = "ee49baf6cb617b853aa8d93bf420db2383fab46d314482ca2803b40d5fde979b"
"checksum argon2rs 0.2.5 (registry+https://github.com/rust-lang/crates.io-index)" = "3f67b0b6a86dae6e67ff4ca2b6201396074996379fba2b92ff649126f37cb392"
"checksum arrayvec 0.4.11 (registry+https://github.com/rust-lang/crates.io-index)" = "b8d73f9beda665eaa98ab9e4f7442bd4e7de6652587de55b2525e52e29c1b0ba"
"checksum ascii-canvas 2.0.0 (registry+https://github.com/rust-lang/crates.io-index)" = "ff8eb72df928aafb99fe5d37b383f2fe25bd2a765e3e5f7c365916b6f2463a29"
"checksum atty 0.2.13 (registry+https://github.com/rust-lang/crates.io-index)" = "1803c647a3ec87095e7ae7acfca019e98de5ec9a7d01343f611cf3152ed71a90"
"checksum autocfg 0.1.5 (registry+https://github.com/rust-lang/crates.io-index)" = "22130e92352b948e7e82a49cdb0aa94f2211761117f29e052dd397c1ac33542b"
"checksum backtrace 0.3.32 (registry+https://github.com/rust-lang/crates.io-index)" = "18b50f5258d1a9ad8396d2d345827875de4261b158124d4c819d9b351454fae5"
"checksum backtrace-sys 0.1.30 (registry+https://github.com/rust-lang/crates.io-index)" = "5b3a000b9c543553af61bc01cbfc403b04b5caa9e421033866f2e98061eb3e61"
"checksum bit-set 0.5.1 (registry+https://github.com/rust-lang/crates.io-index)" = "e84c238982c4b1e1ee668d136c510c67a13465279c0cb367ea6baf6310620a80"
"checksum bit-vec 0.5.1 (registry+https://github.com/rust-lang/crates.io-index)" = "f59bbe95d4e52a6398ec21238d31577f2b28a9d86807f06ca59d191d8440d0bb"
"checksum bitflags 1.1.0 (registry+https://github.com/rust-lang/crates.io-index)" = "3d155346769a6855b86399e9bc3814ab343cd3d62c7e985113d46a0ec3c281fd"
"checksum blake2-rfc 0.2.18 (registry+https://github.com/rust-lang/crates.io-index)" = "5d6d530bdd2d52966a6d03b7a964add7ae1a288d25214066fd4b600f0f796400"
"checksum block-buffer 0.7.3 (registry+https://github.com/rust-lang/crates.io-index)" = "c0940dc441f31689269e10ac70eb1002a3a1d3ad1390e030043662eb7fe4688b"
"checksum block-padding 0.1.4 (registry+https://github.com/rust-lang/crates.io-index)" = "6d4dc3af3ee2e12f3e5d224e5e1e3d73668abbeb69e566d361f7d5563a4fdf09"
"checksum byte-tools 0.3.1 (registry+https://github.com/rust-lang/crates.io-index)" = "e3b5ca7a04898ad4bcd41c90c5285445ff5b791899bb1b0abdd2a2aa791211d7"
"checksum byteorder 1.3.2 (registry+https://github.com/rust-lang/crates.io-index)" = "a7c3dd8985a7111efc5c80b44e23ecdd8c007de8ade3b96595387e812b957cf5"
"checksum cc 1.0.37 (registry+https://github.com/rust-lang/crates.io-index)" = "39f75544d7bbaf57560d2168f28fd649ff9c76153874db88bdbdfd839b1a7e7d"
"checksum cfg-if 0.1.9 (registry+https://github.com/rust-lang/crates.io-index)" = "b486ce3ccf7ffd79fdeb678eac06a9e6c09fc88d33836340becb8fffe87c5e33"
"checksum clap 2.33.0 (registry+https://github.com/rust-lang/crates.io-index)" = "5067f5bb2d80ef5d68b4c87db81601f0b75bca627bc2ef76b141d7b846a3c6d9"
"checksum cloudabi 0.0.3 (registry+https://github.com/rust-lang/crates.io-index)" = "ddfc5b9aa5d4507acaf872de71051dfd0e309860e88966e1051e462a077aac4f"
"checksum codespan 0.3.0 (registry+https://github.com/rust-lang/crates.io-index)" = "03ed0fdf823b4a01c3b6a3e086b4d0a2def8d3cb75b110ec5c988fe2790860a9"
"checksum codespan-reporting 0.3.0 (registry+https://github.com/rust-lang/crates.io-index)" = "2ae73f6c4b3803dc2a0fe08ed1ce40e8f3f94ecc8394a82e0696bbc86d4e4fc3"
"checksum constant_time_eq 0.1.3 (registry+https://github.com/rust-lang/crates.io-index)" = "8ff012e225ce166d4422e0e78419d901719760f62ae2b7969ca6b564d1b54a9e"
"checksum ctor 0.1.9 (registry+https://github.com/rust-lang/crates.io-index)" = "3b4c17619643c1252b5f690084b82639dd7fac141c57c8e77a00e0148132092c"
"checksum diff 0.1.11 (registry+https://github.com/rust-lang/crates.io-index)" = "3c2b69f912779fbb121ceb775d74d51e915af17aaebc38d28a592843a2dd0a3a"
"checksum difference 2.0.0 (registry+https://github.com/rust-lang/crates.io-index)" = "524cbf6897b527295dff137cec09ecf3a05f4fddffd7dfcd1585403449e74198"
"checksum digest 0.8.1 (registry+https://github.com/rust-lang/crates.io-index)" = "f3d0c8c8752312f9713efd397ff63acb9f85585afbf179282e720e7704954dd5"
"checksum dirs 1.0.5 (registry+https://github.com/rust-lang/crates.io-index)" = "3fd78930633bd1c6e35c4b42b1df7b0cbc6bc191146e512bb3bedf243fcc3901"
"checksum docopt 1.1.0 (registry+https://github.com/rust-lang/crates.io-index)" = "7f525a586d310c87df72ebcd98009e57f1cc030c8c268305287a476beb653969"
"checksum either 1.5.2 (registry+https://github.com/rust-lang/crates.io-index)" = "5527cfe0d098f36e3f8839852688e63c8fff1c90b2b405aef730615f9a7bcf7b"
"checksum ena 0.13.0 (registry+https://github.com/rust-lang/crates.io-index)" = "3dc01d68e08ca384955a3aeba9217102ca1aa85b6e168639bf27739f1d749d87"
"checksum failure 0.1.5 (registry+https://github.com/rust-lang/crates.io-index)" = "795bd83d3abeb9220f257e597aa0080a508b27533824adf336529648f6abf7e2"
"checksum failure_derive 0.1.5 (registry+https://github.com/rust-lang/crates.io-index)" = "ea1063915fd7ef4309e222a5a07cf9c319fb9c7836b1f89b85458672dbb127e1"
"checksum fake-simd 0.1.2 (registry+https://github.com/rust-lang/crates.io-index)" = "e88a8acf291dafb59c2d96e8f59828f3838bb1a70398823ade51a84de6a6deed"
"checksum fixedbitset 0.1.9 (registry+https://github.com/rust-lang/crates.io-index)" = "86d4de0081402f5e88cdac65c8dcdcc73118c1a7a465e2a05f0da05843a8ea33"
"checksum fuchsia-cprng 0.1.1 (registry+https://github.com/rust-lang/crates.io-index)" = "a06f77d526c1a601b7c4cdd98f54b5eaabffc14d5f2f0296febdc7f357c6d3ba"
"checksum generic-array 0.12.3 (registry+https://github.com/rust-lang/crates.io-index)" = "c68f0274ae0e023facc3c97b2e00f076be70e254bc851d972503b328db79b2ec"
"checksum heck 0.3.1 (registry+https://github.com/rust-lang/crates.io-index)" = "20564e78d53d2bb135c343b3f47714a56af2061f1c928fdb541dc7b9fdd94205"
"checksum im 12.3.4 (registry+https://github.com/rust-lang/crates.io-index)" = "de38d1511a0ce7677538acb1e31b5df605147c458e061b2cdb89858afb1cd182"
"checksum itertools 0.7.11 (registry+https://github.com/rust-lang/crates.io-index)" = "0d47946d458e94a1b7bcabbf6521ea7c037062c81f534615abcad76e84d4970d"
"checksum itertools 0.8.0 (registry+https://github.com/rust-lang/crates.io-index)" = "5b8467d9c1cebe26feb08c640139247fac215782d35371ade9a2136ed6085358"
"checksum lalrpop 0.17.1 (registry+https://github.com/rust-lang/crates.io-index)" = "a3d111d79a3b76457aa1bcc699a736b6c623d14da0ec75737c01edb657469aef"
"checksum lalrpop-util 0.16.3 (registry+https://github.com/rust-lang/crates.io-index)" = "33b27d8490dbe1f9704b0088d61e8d46edc10d5673a8829836c6ded26a9912c7"
"checksum lalrpop-util 0.17.1 (registry+https://github.com/rust-lang/crates.io-index)" = "6ab5dfdd35d987c6d328e371764cb6e4b6c63220db9364c291aa14d6fe50099a"
"checksum lazy_static 1.3.0 (registry+https://github.com/rust-lang/crates.io-index)" = "bc5729f27f159ddd61f4df6228e827e86643d4d3e7c32183cb30a1c08f604a14"
"checksum libc 0.2.60 (registry+https://github.com/rust-lang/crates.io-index)" = "d44e80633f007889c7eff624b709ab43c92d708caad982295768a7b13ca3b5eb"
"checksum log 0.4.7 (registry+https://github.com/rust-lang/crates.io-index)" = "c275b6ad54070ac2d665eef9197db647b32239c9d244bfb6f041a766d00da5b3"
"checksum memchr 2.2.1 (registry+https://github.com/rust-lang/crates.io-index)" = "88579771288728879b57485cc7d6b07d648c9f0141eb955f8ab7f9d45394468e"
"checksum new_debug_unreachable 1.0.3 (registry+https://github.com/rust-lang/crates.io-index)" = "f40f005c60db6e03bae699e414c58bf9aa7ea02a2d0b9bfbcf19286cc4c82b30"
"checksum nodrop 0.1.13 (registry+https://github.com/rust-lang/crates.io-index)" = "2f9667ddcc6cc8a43afc9b7917599d7216aa09c463919ea32c59ed6cac8bc945"
"checksum opaque-debug 0.2.2 (registry+https://github.com/rust-lang/crates.io-index)" = "93f5bb2e8e8dec81642920ccff6b61f1eb94fa3020c5a325c9851ff604152409"
"checksum ordermap 0.3.5 (registry+https://github.com/rust-lang/crates.io-index)" = "a86ed3f5f244b372d6b1a00b72ef7f8876d0bc6a78a4c9985c53614041512063"
"checksum output_vt100 0.1.2 (registry+https://github.com/rust-lang/crates.io-index)" = "53cdc5b785b7a58c5aad8216b3dfa114df64b0b06ae6e1501cef91df2fbdf8f9"
"checksum petgraph 0.4.13 (registry+https://github.com/rust-lang/crates.io-index)" = "9c3659d1ee90221741f65dd128d9998311b0e40c5d3c23a62445938214abce4f"
"checksum phf_generator 0.7.24 (registry+https://github.com/rust-lang/crates.io-index)" = "09364cc93c159b8b06b1f4dd8a4398984503483891b0c26b867cf431fb132662"
"checksum phf_shared 0.7.24 (registry+https://github.com/rust-lang/crates.io-index)" = "234f71a15de2288bcb7e3b6515828d22af7ec8598ee6d24c3b526fa0a80b67a0"
"checksum precomputed-hash 0.1.1 (registry+https://github.com/rust-lang/crates.io-index)" = "925383efa346730478fb4838dbe9137d2a47675ad789c546d150a6e1dd4ab31c"
"checksum pretty_assertions 0.6.1 (registry+https://github.com/rust-lang/crates.io-index)" = "3f81e1644e1b54f5a68959a29aa86cde704219254669da328ecfdf6a1f09d427"
"checksum proc-macro2 0.4.30 (registry+https://github.com/rust-lang/crates.io-index)" = "cf3d2011ab5c909338f7887f4fc896d35932e29146c12c8d01da6b22a80ba759"
"checksum quote 0.6.13 (registry+https://github.com/rust-lang/crates.io-index)" = "6ce23b6b870e8f94f81fb0a363d65d86675884b34a09043c81e5562f11c1f8e1"
"checksum rand 0.6.5 (registry+https://github.com/rust-lang/crates.io-index)" = "6d71dacdc3c88c1fde3885a3be3fbab9f35724e6ce99467f7d9c5026132184ca"
"checksum rand_chacha 0.1.1 (registry+https://github.com/rust-lang/crates.io-index)" = "556d3a1ca6600bfcbab7c7c91ccb085ac7fbbcd70e008a98742e7847f4f7bcef"
"checksum rand_core 0.3.1 (registry+https://github.com/rust-lang/crates.io-index)" = "7a6fdeb83b075e8266dcc8762c22776f6877a63111121f5f8c7411e5be7eed4b"
"checksum rand_core 0.4.0 (registry+https://github.com/rust-lang/crates.io-index)" = "d0e7a549d590831370895ab7ba4ea0c1b6b011d106b5ff2da6eee112615e6dc0"
"checksum rand_hc 0.1.0 (registry+https://github.com/rust-lang/crates.io-index)" = "7b40677c7be09ae76218dc623efbf7b18e34bced3f38883af07bb75630a21bc4"
"checksum rand_isaac 0.1.1 (registry+https://github.com/rust-lang/crates.io-index)" = "ded997c9d5f13925be2a6fd7e66bf1872597f759fd9dd93513dd7e92e5a5ee08"
"checksum rand_jitter 0.1.4 (registry+https://github.com/rust-lang/crates.io-index)" = "1166d5c91dc97b88d1decc3285bb0a99ed84b05cfd0bc2341bdf2d43fc41e39b"
"checksum rand_os 0.1.3 (registry+https://github.com/rust-lang/crates.io-index)" = "7b75f676a1e053fc562eafbb47838d67c84801e38fc1ba459e8f180deabd5071"
"checksum rand_pcg 0.1.2 (registry+https://github.com/rust-lang/crates.io-index)" = "abf9b09b01790cfe0364f52bf32995ea3c39f4d2dd011eac241d2914146d0b44"
"checksum rand_xorshift 0.1.1 (registry+https://github.com/rust-lang/crates.io-index)" = "cbf7e9e623549b0e21f6e97cf8ecf247c1a8fd2e8a992ae265314300b2455d5c"
"checksum rdrand 0.4.0 (registry+https://github.com/rust-lang/crates.io-index)" = "678054eb77286b51581ba43620cc911abf02758c91f93f479767aed0f90458b2"
"checksum redox_syscall 0.1.56 (registry+https://github.com/rust-lang/crates.io-index)" = "2439c63f3f6139d1b57529d16bc3b8bb855230c8efcc5d3a896c8bea7c3b1e84"
"checksum redox_users 0.3.0 (registry+https://github.com/rust-lang/crates.io-index)" = "3fe5204c3a17e97dde73f285d49be585df59ed84b50a872baf416e73b62c3828"
"checksum regex 1.1.9 (registry+https://github.com/rust-lang/crates.io-index)" = "d9d8297cc20bbb6184f8b45ff61c8ee6a9ac56c156cec8e38c3e5084773c44ad"
"checksum regex-syntax 0.6.8 (registry+https://github.com/rust-lang/crates.io-index)" = "9b01330cce219c1c6b2e209e5ed64ccd587ae5c67bed91c0b49eecf02ae40e21"
"checksum rustc-demangle 0.1.15 (registry+https://github.com/rust-lang/crates.io-index)" = "a7f4dccf6f4891ebcc0c39f9b6eb1a83b9bf5d747cb439ec6fba4f3b977038af"
"checksum rustc_version 0.2.3 (registry+https://github.com/rust-lang/crates.io-index)" = "138e3e0acb6c9fb258b19b67cb8abd63c00679d2851805ea151465464fe9030a"
"checksum same-file 1.0.5 (registry+https://github.com/rust-lang/crates.io-index)" = "585e8ddcedc187886a30fa705c47985c3fa88d06624095856b36ca0b82ff4421"
"checksum scoped_threadpool 0.1.9 (registry+https://github.com/rust-lang/crates.io-index)" = "1d51f5df5af43ab3f1360b429fa5e0152ac5ce8c0bd6485cae490332e96846a8"
"checksum semver 0.9.0 (registry+https://github.com/rust-lang/crates.io-index)" = "1d7eb9ef2c18661902cc47e535f9bc51b78acd254da71d375c2f6720d9a40403"
"checksum semver-parser 0.7.0 (registry+https://github.com/rust-lang/crates.io-index)" = "388a1df253eca08550bef6c72392cfe7c30914bf41df5269b68cbd6ff8f570a3"
"checksum serde 1.0.95 (registry+https://github.com/rust-lang/crates.io-index)" = "e47a9fd6b2d2d2330b19b0b3e5248a170a5acd6356fd88c7bb30362ef9c70567"
"checksum serde_derive 1.0.95 (registry+https://github.com/rust-lang/crates.io-index)" = "5ea8eb91549d859275aef70c58bb30bd62ce50e5eb1a52d32b1b6886e02f7bce"
"checksum sha2 0.8.0 (registry+https://github.com/rust-lang/crates.io-index)" = "7b4d8bfd0e469f417657573d8451fb33d16cfe0989359b93baf3a1ffc639543d"
"checksum siphasher 0.2.3 (registry+https://github.com/rust-lang/crates.io-index)" = "0b8de496cf83d4ed58b6be86c3a275b8602f6ffe98d3024a869e124147a9a3ac"
"checksum sized-chunks 0.1.3 (registry+https://github.com/rust-lang/crates.io-index)" = "9d3e7f23bad2d6694e0f46f5e470ec27eb07b8f3e8b309a4b0dc17501928b9f2"
"checksum string_cache 0.7.3 (registry+https://github.com/rust-lang/crates.io-index)" = "25d70109977172b127fe834e5449e5ab1740b9ba49fa18a2020f509174f25423"
"checksum string_cache_codegen 0.4.2 (registry+https://github.com/rust-lang/crates.io-index)" = "1eea1eee654ef80933142157fdad9dd8bc43cf7c74e999e369263496f04ff4da"
"checksum string_cache_shared 0.3.0 (registry+https://github.com/rust-lang/crates.io-index)" = "b1884d1bc09741d466d9b14e6d37ac89d6909cbcac41dd9ae982d4d063bbedfc"
"checksum strsim 0.8.0 (registry+https://github.com/rust-lang/crates.io-index)" = "8ea5119cdb4c55b55d432abb513a0429384878c15dde60cc77b1c99de1a95a6a"
"checksum strsim 0.9.2 (registry+https://github.com/rust-lang/crates.io-index)" = "032c03039aae92b350aad2e3779c352e104d919cb192ba2fabbd7b831ce4f0f6"
"checksum structopt 0.2.18 (registry+https://github.com/rust-lang/crates.io-index)" = "16c2cdbf9cc375f15d1b4141bc48aeef444806655cd0e904207edc8d68d86ed7"
"checksum structopt-derive 0.2.18 (registry+https://github.com/rust-lang/crates.io-index)" = "53010261a84b37689f9ed7d395165029f9cc7abb9f56bbfe86bee2597ed25107"
"checksum syn 0.15.39 (registry+https://github.com/rust-lang/crates.io-index)" = "b4d960b829a55e56db167e861ddb43602c003c7be0bee1d345021703fac2fb7c"
"checksum synstructure 0.10.2 (registry+https://github.com/rust-lang/crates.io-index)" = "02353edf96d6e4dc81aea2d8490a7e9db177bf8acb0e951c24940bf866cb313f"
"checksum term 0.5.2 (registry+https://github.com/rust-lang/crates.io-index)" = "edd106a334b7657c10b7c540a0106114feadeb4dc314513e97df481d5d966f42"
"checksum termcolor 1.0.5 (registry+https://github.com/rust-lang/crates.io-index)" = "96d6098003bde162e4277c70665bd87c326f5a0c3f3fbfb285787fa482d54e6e"
"checksum textwrap 0.11.0 (registry+https://github.com/rust-lang/crates.io-index)" = "d326610f408c7a4eb6f51c37c330e496b08506c9457c9d34287ecc38809fb060"
"checksum thread_local 0.3.6 (registry+https://github.com/rust-lang/crates.io-index)" = "c6b53e329000edc2b34dbe8545fd20e55a333362d0a321909685a19bd28c3f1b"
"checksum toml 0.5.1 (registry+https://github.com/rust-lang/crates.io-index)" = "b8c96d7873fa7ef8bdeb3a9cda3ac48389b4154f32b9803b4bc26220b677b039"
"checksum typenum 1.10.0 (registry+https://github.com/rust-lang/crates.io-index)" = "612d636f949607bdf9b123b4a6f6d966dedf3ff669f7f045890d3a4a73948169"
"checksum ucd-util 0.1.3 (registry+https://github.com/rust-lang/crates.io-index)" = "535c204ee4d8434478593480b8f86ab45ec9aae0e83c568ca81abf0fd0e88f86"
"checksum unicode-segmentation 1.3.0 (registry+https://github.com/rust-lang/crates.io-index)" = "1967f4cdfc355b37fd76d2a954fb2ed3871034eb4f26d60537d88795cfc332a9"
"checksum unicode-width 0.1.5 (registry+https://github.com/rust-lang/crates.io-index)" = "882386231c45df4700b275c7ff55b6f3698780a650026380e72dabe76fa46526"
"checksum unicode-xid 0.1.0 (registry+https://github.com/rust-lang/crates.io-index)" = "fc72304796d0818e357ead4e000d19c9c174ab23dc11093ac919054d20a6a7fc"
"checksum utf8-ranges 1.0.3 (registry+https://github.com/rust-lang/crates.io-index)" = "9d50aa7650df78abf942826607c62468ce18d9019673d4a2ebe1865dbb96ffde"
"checksum vec_map 0.8.1 (registry+https://github.com/rust-lang/crates.io-index)" = "05c78687fb1a80548ae3250346c3db86a80a7cdd77bda190189f2d0a0987c81a"
"checksum walkdir 2.2.8 (registry+https://github.com/rust-lang/crates.io-index)" = "c7904a7e2bb3cdf0cf5e783f44204a85a37a93151738fa349f06680f59a98b45"
"checksum winapi 0.3.7 (registry+https://github.com/rust-lang/crates.io-index)" = "f10e386af2b13e47c89e7236a7a14a086791a2b88ebad6df9bf42040195cf770"
"checksum winapi-i686-pc-windows-gnu 0.4.0 (registry+https://github.com/rust-lang/crates.io-index)" = "ac3b87c63620426dd9b991e5ce0329eff545bccbbb34f3be09ff6fb6ab51b7b6"
"checksum winapi-util 0.1.2 (registry+https://github.com/rust-lang/crates.io-index)" = "7168bab6e1daee33b4557efd0e95d5ca70a03706d39fa5f3fe7a236f584b03c9"
"checksum winapi-x86_64-pc-windows-gnu 0.4.0 (registry+https://github.com/rust-lang/crates.io-index)" = "712e227841d057c1ee1cd2fb22fa7e5a5461ae8e48fa2ca79ec42cfc1931183f"
"checksum wincolor 1.0.1 (registry+https://github.com/rust-lang/crates.io-index)" = "561ed901ae465d6185fa7864d63fbd5720d0ef718366c9a4dc83cf6170d7e9ba"
